
Microsoft Visual Studio Solution File, Format Version 12.00
# Visual Studio Version 17
VisualStudioVersion = 17.11.35219.272
MinimumVisualStudioVersion = 10.0.40219.1
Project("{9A19103F-16F7-4668-BE54-9A1E7A4F7556}") = "StructuredLogViewer.Avalonia", "src\StructuredLogViewer.Avalonia\StructuredLogViewer.Avalonia.csproj", "{B8DB3798-1636-417D-B57A-25C51C574F1E}"
EndProject
Project("{9A19103F-16F7-4668-BE54-9A1E7A4F7556}") = "StructuredLogger", "src\StructuredLogger\StructuredLogger.csproj", "{A939886E-A191-4A46-A84B-21AD670081B9}"
EndProject
Project("{9A19103F-16F7-4668-BE54-9A1E7A4F7556}") = "StructuredLogger.Tests", "src\StructuredLogger.Tests\StructuredLogger.Tests.csproj", "{8A327073-0811-49D6-B1AA-1FB0157E750A}"
EndProject
Project("{2150E333-8FDC-42A3-9474-1A3956D46DE8}") = "Solution Items", "Solution Items", "{1DA9000E-FE5B-467F-B6CB-2CFA7584ABF7}"
	ProjectSection(SolutionItems) = preProject
		appveyor.yml = appveyor.yml
		Directory.Build.props = Directory.Build.props
		Directory.Build.targets = Directory.Build.targets
		Directory.Packages.props = Directory.Packages.props
		nuget.config = nuget.config
		README.md = README.md
		version.json = version.json
	EndProjectSection
EndProject
Project("{9A19103F-16F7-4668-BE54-9A1E7A4F7556}") = "TaskRunner", "src\TaskRunner\TaskRunner.csproj", "{B8539A63-8D03-4D16-9945-FE7F8489B56D}"
EndProject
Project("{9A19103F-16F7-4668-BE54-9A1E7A4F7556}") = "StructuredLogViewer.Core", "src\StructuredLogViewer.Core\StructuredLogViewer.Core.csproj", "{3C655C5D-22C3-4B8D-969C-3FC497294703}"
EndProject
Project("{9A19103F-16F7-4668-BE54-9A1E7A4F7556}") = "StructuredLogger.Utils", "src\StructuredLogger.Utils\StructuredLogger.Utils.csproj", "{BA89AC34-AB49-4BC9-8DD6-29CEEDDC3AD4}"
EndProject
Project("{2150E333-8FDC-42A3-9474-1A3956D46DE8}") = "src", "src", "{827E0CD3-B72D-47B6-A68D-7590B98EB39B}"
EndProject
Project("{FAE04EC0-301F-11D3-BF4B-00C04F79EFBC}") = "StructuredLogViewer.NativeBridge", "src\StructuredLogViewer.NativeBridge\StructuredLogViewer.NativeBridge.csproj", "{78037A18-1D66-44F4-A0A3-9ACA38BBB2A4}"
EndProject
Global
	GlobalSection(SolutionConfigurationPlatforms) = preSolution
		Debug|Any CPU = Debug|Any CPU
		Debug|x64 = Debug|x64
		Debug|x86 = Debug|x86
		Release|Any CPU = Release|Any CPU
		Release|x64 = Release|x64
		Release|x86 = Release|x86
	EndGlobalSection
	GlobalSection(ProjectConfigurationPlatforms) = postSolution
		{B8DB3798-1636-417D-B57A-25C51C574F1E}.Debug|Any CPU.ActiveCfg = Debug|Any CPU
		{B8DB3798-1636-417D-B57A-25C51C574F1E}.Debug|Any CPU.Build.0 = Debug|Any CPU
		{B8DB3798-1636-417D-B57A-25C51C574F1E}.Debug|x64.ActiveCfg = Debug|Any CPU
		{B8DB3798-1636-417D-B57A-25C51C574F1E}.Debug|x64.Build.0 = Debug|Any CPU
		{B8DB3798-1636-417D-B57A-25C51C574F1E}.Debug|x86.ActiveCfg = Debug|Any CPU
		{B8DB3798-1636-417D-B57A-25C51C574F1E}.Debug|x86.Build.0 = Debug|Any CPU
		{B8DB3798-1636-417D-B57A-25C51C574F1E}.Release|Any CPU.ActiveCfg = Release|Any CPU
		{B8DB3798-1636-417D-B57A-25C51C574F1E}.Release|Any CPU.Build.0 = Release|Any CPU
		{B8DB3798-1636-417D-B57A-25C51C574F1E}.Release|x64.ActiveCfg = Release|Any CPU
		{B8DB3798-1636-417D-B57A-25C51C574F1E}.Release|x64.Build.0 = Release|Any CPU
		{B8DB3798-1636-417D-B57A-25C51C574F1E}.Release|x86.ActiveCfg = Release|Any CPU
		{B8DB3798-1636-417D-B57A-25C51C574F1E}.Release|x86.Build.0 = Release|Any CPU
		{A939886E-A191-4A46-A84B-21AD670081B9}.Debug|Any CPU.ActiveCfg = Debug|Any CPU
		{A939886E-A191-4A46-A84B-21AD670081B9}.Debug|Any CPU.Build.0 = Debug|Any CPU
		{A939886E-A191-4A46-A84B-21AD670081B9}.Debug|x64.ActiveCfg = Debug|Any CPU
		{A939886E-A191-4A46-A84B-21AD670081B9}.Debug|x64.Build.0 = Debug|Any CPU
		{A939886E-A191-4A46-A84B-21AD670081B9}.Debug|x86.ActiveCfg = Debug|Any CPU
		{A939886E-A191-4A46-A84B-21AD670081B9}.Debug|x86.Build.0 = Debug|Any CPU
		{A939886E-A191-4A46-A84B-21AD670081B9}.Release|Any CPU.ActiveCfg = Release|Any CPU
		{A939886E-A191-4A46-A84B-21AD670081B9}.Release|Any CPU.Build.0 = Release|Any CPU
		{A939886E-A191-4A46-A84B-21AD670081B9}.Release|x64.ActiveCfg = Release|Any CPU
		{A939886E-A191-4A46-A84B-21AD670081B9}.Release|x64.Build.0 = Release|Any CPU
		{A939886E-A191-4A46-A84B-21AD670081B9}.Release|x86.ActiveCfg = Release|Any CPU
		{A939886E-A191-4A46-A84B-21AD670081B9}.Release|x86.Build.0 = Release|Any CPU
		{8A327073-0811-49D6-B1AA-1FB0157E750A}.Debug|Any CPU.ActiveCfg = Debug|Any CPU
		{8A327073-0811-49D6-B1AA-1FB0157E750A}.Debug|Any CPU.Build.0 = Debug|Any CPU
		{8A327073-0811-49D6-B1AA-1FB0157E750A}.Debug|x64.ActiveCfg = Debug|Any CPU
		{8A327073-0811-49D6-B1AA-1FB0157E750A}.Debug|x64.Build.0 = Debug|Any CPU
		{8A327073-0811-49D6-B1AA-1FB0157E750A}.Debug|x86.ActiveCfg = Debug|Any CPU
		{8A327073-0811-49D6-B1AA-1FB0157E750A}.Debug|x86.Build.0 = Debug|Any CPU
		{8A327073-0811-49D6-B1AA-1FB0157E750A}.Release|Any CPU.ActiveCfg = Release|Any CPU
		{8A327073-0811-49D6-B1AA-1FB0157E750A}.Release|Any CPU.Build.0 = Release|Any CPU
		{8A327073-0811-49D6-B1AA-1FB0157E750A}.Release|x64.ActiveCfg = Release|Any CPU
		{8A327073-0811-49D6-B1AA-1FB0157E750A}.Release|x64.Build.0 = Release|Any CPU
		{8A327073-0811-49D6-B1AA-1FB0157E750A}.Release|x86.ActiveCfg = Release|Any CPU
		{8A327073-0811-49D6-B1AA-1FB0157E750A}.Release|x86.Build.0 = Release|Any CPU
		{B8539A63-8D03-4D16-9945-FE7F8489B56D}.Debug|Any CPU.ActiveCfg = Debug|Any CPU
		{B8539A63-8D03-4D16-9945-FE7F8489B56D}.Debug|Any CPU.Build.0 = Debug|Any CPU
		{B8539A63-8D03-4D16-9945-FE7F8489B56D}.Debug|x64.ActiveCfg = Debug|Any CPU
		{B8539A63-8D03-4D16-9945-FE7F8489B56D}.Debug|x64.Build.0 = Debug|Any CPU
		{B8539A63-8D03-4D16-9945-FE7F8489B56D}.Debug|x86.ActiveCfg = Debug|Any CPU
		{B8539A63-8D03-4D16-9945-FE7F8489B56D}.Debug|x86.Build.0 = Debug|Any CPU
		{B8539A63-8D03-4D16-9945-FE7F8489B56D}.Release|Any CPU.ActiveCfg = Release|Any CPU
		{B8539A63-8D03-4D16-9945-FE7F8489B56D}.Release|Any CPU.Build.0 = Release|Any CPU
		{B8539A63-8D03-4D16-9945-FE7F8489B56D}.Release|x64.ActiveCfg = Release|Any CPU
		{B8539A63-8D03-4D16-9945-FE7F8489B56D}.Release|x64.Build.0 = Release|Any CPU
		{B8539A63-8D03-4D16-9945-FE7F8489B56D}.Release|x86.ActiveCfg = Release|Any CPU
		{B8539A63-8D03-4D16-9945-FE7F8489B56D}.Release|x86.Build.0 = Release|Any CPU
		{3C655C5D-22C3-4B8D-969C-3FC497294703}.Debug|Any CPU.ActiveCfg = Debug|Any CPU
		{3C655C5D-22C3-4B8D-969C-3FC497294703}.Debug|Any CPU.Build.0 = Debug|Any CPU
		{3C655C5D-22C3-4B8D-969C-3FC497294703}.Debug|x64.ActiveCfg = Debug|Any CPU
		{3C655C5D-22C3-4B8D-969C-3FC497294703}.Debug|x64.Build.0 = Debug|Any CPU
		{3C655C5D-22C3-4B8D-969C-3FC497294703}.Debug|x86.ActiveCfg = Debug|Any CPU
		{3C655C5D-22C3-4B8D-969C-3FC497294703}.Debug|x86.Build.0 = Debug|Any CPU
		{3C655C5D-22C3-4B8D-969C-3FC497294703}.Release|Any CPU.ActiveCfg = Release|Any CPU
		{3C655C5D-22C3-4B8D-969C-3FC497294703}.Release|Any CPU.Build.0 = Release|Any CPU
		{3C655C5D-22C3-4B8D-969C-3FC497294703}.Release|x64.ActiveCfg = Release|Any CPU
		{3C655C5D-22C3-4B8D-969C-3FC497294703}.Release|x64.Build.0 = Release|Any CPU
		{3C655C5D-22C3-4B8D-969C-3FC497294703}.Release|x86.ActiveCfg = Release|Any CPU
		{3C655C5D-22C3-4B8D-969C-3FC497294703}.Release|x86.Build.0 = Release|Any CPU
		{BA89AC34-AB49-4BC9-8DD6-29CEEDDC3AD4}.Debug|Any CPU.ActiveCfg = Debug|Any CPU
		{BA89AC34-AB49-4BC9-8DD6-29CEEDDC3AD4}.Debug|Any CPU.Build.0 = Debug|Any CPU
		{BA89AC34-AB49-4BC9-8DD6-29CEEDDC3AD4}.Debug|x64.ActiveCfg = Debug|Any CPU
		{BA89AC34-AB49-4BC9-8DD6-29CEEDDC3AD4}.Debug|x64.Build.0 = Debug|Any CPU
		{BA89AC34-AB49-4BC9-8DD6-29CEEDDC3AD4}.Debug|x86.ActiveCfg = Debug|Any CPU
		{BA89AC34-AB49-4BC9-8DD6-29CEEDDC3AD4}.Debug|x86.Build.0 = Debug|Any CPU
		{BA89AC34-AB49-4BC9-8DD6-29CEEDDC3AD4}.Release|Any CPU.ActiveCfg = Release|Any CPU
		{BA89AC34-AB49-4BC9-8DD6-29CEEDDC3AD4}.Release|Any CPU.Build.0 = Release|Any CPU
		{BA89AC34-AB49-4BC9-8DD6-29CEEDDC3AD4}.Release|x64.ActiveCfg = Release|Any CPU
		{BA89AC34-AB49-4BC9-8DD6-29CEEDDC3AD4}.Release|x64.Build.0 = Release|Any CPU
		{BA89AC34-AB49-4BC9-8DD6-29CEEDDC3AD4}.Release|x86.ActiveCfg = Release|Any CPU
		{BA89AC34-AB49-4BC9-8DD6-29CEEDDC3AD4}.Release|x86.Build.0 = Release|Any CPU
		{78037A18-1D66-44F4-A0A3-9ACA38BBB2A4}.Debug|Any CPU.ActiveCfg = Debug|Any CPU
		{78037A18-1D66-44F4-A0A3-9ACA38BBB2A4}.Debug|Any CPU.Build.0 = Debug|Any CPU
		{78037A18-1D66-44F4-A0A3-9ACA38BBB2A4}.Debug|x64.ActiveCfg = Debug|Any CPU
		{78037A18-1D66-44F4-A0A3-9ACA38BBB2A4}.Debug|x64.Build.0 = Debug|Any CPU
		{78037A18-1D66-44F4-A0A3-9ACA38BBB2A4}.Debug|x86.ActiveCfg = Debug|Any CPU
		{78037A18-1D66-44F4-A0A3-9ACA38BBB2A4}.Debug|x86.Build.0 = Debug|Any CPU
		{78037A18-1D66-44F4-A0A3-9ACA38BBB2A4}.Release|Any CPU.ActiveCfg = Release|Any CPU
		{78037A18-1D66-44F4-A0A3-9ACA38BBB2A4}.Release|Any CPU.Build.0 = Release|Any CPU
		{78037A18-1D66-44F4-A0A3-9ACA38BBB2A4}.Release|x64.ActiveCfg = Release|Any CPU
		{78037A18-1D66-44F4-A0A3-9ACA38BBB2A4}.Release|x64.Build.0 = Release|Any CPU
		{78037A18-1D66-44F4-A0A3-9ACA38BBB2A4}.Release|x86.ActiveCfg = Release|Any CPU
		{78037A18-1D66-44F4-A0A3-9ACA38BBB2A4}.Release|x86.Build.0 = Release|Any CPU
	EndGlobalSection
	GlobalSection(SolutionProperties) = preSolution
		HideSolutionNode = FALSE
	EndGlobalSection
	GlobalSection(NestedProjects) = preSolution
		{78037A18-1D66-44F4-A0A3-9ACA38BBB2A4} = {827E0CD3-B72D-47B6-A68D-7590B98EB39B}
	EndGlobalSection
	GlobalSection(ExtensibilityGlobals) = postSolution
		SolutionGuid = {9A9CFBCF-6C45-4FBF-8BF2-A5046AC403D8}
	EndGlobalSection
EndGlobal
